
Microsoft Visual Studio Solution File, Format Version 12.00
# Visual Studio Version 16
VisualStudioVersion = 16.0.30804.86
MinimumVisualStudioVersion = 10.0.40219.1
Project("{9A19103F-16F7-4668-BE54-9A1E7A4F7556}") = "TWIx86", "WebCOSv1\TWIx86.csproj", "{A9BF1DF7-A376-4ACA-9C99-FE102E7B34DD}"
EndProject
Global
	GlobalSection(SolutionConfigurationPlatforms) = preSolution
		Debug|Any CPU = Debug|Any CPU
		Release|Any CPU = Release|Any CPU
	EndGlobalSection
	GlobalSection(ProjectConfigurationPlatforms) = postSolution
		{A9BF1DF7-A376-4ACA-9C99-FE102E7B34DD}.Debug|Any CPU.ActiveCfg = Debug|Any CPU
		{A9BF1DF7-A376-4ACA-9C99-FE102E7B34DD}.Debug|Any CPU.Build.0 = Debug|Any CPU
		{A9BF1DF7-A376-4ACA-9C99-FE102E7B34DD}.Release|Any CPU.ActiveCfg = Release|Any CPU
		{A9BF1DF7-A376-4ACA-9C99-FE102E7B34DD}.Release|Any CPU.Build.0 = Release|Any CPU
	EndGlobalSection
	GlobalSection(SolutionProperties) = preSolution
		HideSolutionNode = FALSE
	EndGlobalSection
	GlobalSection(ExtensibilityGlobals) = postSolution
		SolutionGuid = {941D80A1-118F-4E30-BC19-102605A9C5AE}
	EndGlobalSection
EndGlobal
